github.com/360EntSecGroup-Skylar/excelize v1.4.0 h1:43rak9uafmwSJpXfFO1heKQph8tP3nlfWJWFQQtW1R0=
github.com/360EntSecGroup-Skylar/excelize v1.4.0/go.mod h1:R8KYLmGns0vDPe6/HyphW0mzW+MFexlGDafU0ykVEnU=
github.com/Knetic/govaluate v3.0.0+incompatible h1:7o6+MAPhYTCF0+fdvoz1xDedhRb4f6s9Tn1Tt7/WTEg=
github.com/Knetic/govaluate v3.0.0+incompatible/go.mod h1:r7JcOSlj0wfOMncg0iLm8Leh48TZaKVeNIfJntJ2wa0=
github.com/PuerkitoBio/purell v1.1.0 h1:rmGxhojJlM0tuKtfdvliR84CFHljx9ag64t2xmVkjK4=
github.com/PuerkitoBio/purell v1.1.0/go.mod h1:c11w/QuzBsJSee3cPx9rAFu61PvFxuPbtSwDGJws/X0=
github.com/PuerkitoBio/urlesc v0.0.0-20170810143723-de5bf2ad4578 h1:d+Bc7a5rLufV/sSk/8dngufqelfh6jnri85riMAaF/M=
github.com/PuerkitoBio/urlesc v0.0.0-20170810143723-de5bf2ad4578/go.mod h1:uGdkoq3SwY9Y+13GIhn11/XLaGBb4BfwItxLd5jeuXE=
github.com/agext/uuid v1.0.1 h1:Za6toqrdwQwHJzTfsgt3JaPuQ2xeYuak6N0513NdFeQ=
github.com/agext/uuid v1.0.1/go.mod h1:S35kGCagARSdmRVLoWmwmevvhFsiZkmtEqdw4hcDePs=
github.com/armon/go-metrics v0.0.0-20180917152333-f0300d1749da h1:8GUt8eRujhVEGZFFEjBj46YV4rDjvGrNxb0KMWYkL2I=
github.com/armon/go-metrics v0.0.0-20180917152333-f0300d1749da/go.mod h1:Q73ZrmVTwzkszR9V5SSuryQ31EELlFMUz1kKyl939pY=
github.com/asaskevich/govalidator v0.0.0-20180720115003-f9ffefc3facf h1:eg0MeVzsP1G42dRafH3vf+al2vQIJU0YHX+1Tw87oco=
github.com/asaskevich/govalidator v0.0.0-20180720115003-f9ffefc3facf/go.mod h1:lB+ZfQJz7igIIfQNfa7Ml4HSf2uFQQRzpGGRXenZAgY=
github.com/beorn7/perks v0.0.0-20180321164747-3a771d992973 h1:xJ4a3vCFaGF/jqvzLMYoU8P317H5OQ+Via4RmuPwCS0=
github.com/beorn7/perks v0.0.0-20180321164747-3a771d992973/go.mod h1:Dwedo/Wpr24TaqPxmxbtue+5NUziq4I4S80YR8gNf3Q=
github.com/boltdb/bolt v1.3.1 h1:JQmyP4ZBrce+ZQu0dY660FMfatumYDLun9hBCUVIkF4=
github.com/boltdb/bolt v1.3.1/go.mod h1:clJnj/oiGkjum5o1McbSZDSLxVThjynRyGBgiAx27Ps=
github.com/caarlos0/env v3.5.0+incompatible h1:Yy0UN8o9Wtr/jGHZDpCBLpNrzcFLLM2yixi/rBrKyJs=
github.com/caarlos0/env v3.5.0+incompatible/go.mod h1:tdCsowwCzMLdkqRYDlHpZCp2UooDD3MspDBjZ2AD02Y=
github.com/casbin/casbin v1.6.0 h1:uIhuV5I0ilXGUm3y+xJ8nG7VOnYDeZZQiNsFOTF2QmI=
github.com/casbin/casbin v1.6.0/go.mod h1:c67qKN6Oum3UF5Q1+BByfFxkwKvhwW57ITjqwtzR1KE=
github.com/coreos/bbolt v1.3.0 h1:HIgH5xUWXT914HCI671AxuTTqjj64UOFr7pHn48LUTI=
github.com/coreos/bbolt v1.3.0/go.mod h1:iRUV2dpdMOn7Bo10OQBFzIJO9kkE559Wcmn+qkEiiKk=
github.com/davecgh/go-spew v1.1.1/go.mod h1:J7Y8YcW2NihsgmVo/mv3lAwl/skON4iLHjSsI+c5H38=
github.com/dgrijalva/jwt-go v3.2.0+incompatible h1:7qlOGliEKZXTDg6OTjfoBKDXWrumCAMpl/TFQ4/5kLM=
github.com/dgrijalva/jwt-go v3.2.0+incompatible/go.mod h1:E3ru+11k8xSBh+hMPgOLZmtrrCbhqsmaPHjLKYnJCaQ=
github.com/docker/go-units v0.3.3 h1:Xk8S3Xj5sLGlG5g67hJmYMmUgXv5N4PhkjJHHqrwnTk=
github.com/docker/go-units v0.3.3/go.mod h1:fgPhTUdO+D/Jk86RDLlptpiXQzgHJF7gydDDbaIK4Dk=
github.com/fsnotify/fsnotify v1.4.7 h1:IXs+QLmnXW2CcXuY+8Mzv/fWEsPGWxqefPtCP5CnV9I=
github.com/fsnotify/fsnotify v1.4.7/go.mod h1:jwhsz4b93w/PPRr/qN1Yymfu8t87LnFCMoQvtojpjFo=
github.com/globalsign/mgo v0.0.0-20180905125535-1ca0a4f7cbcb h1:D4uzjWwKYQ5XnAvUbuvHW93esHg7F8N/OYeBBcJoTr0=
github.com/globalsign/mgo v0.0.0-20180905125535-1ca0a4f7cbcb/go.mod h1:xkRDCp4j0OGD1HRkm4kmhM+pmpv3AKq5SU7GMg4oO/Q=
github.com/go-ini/ini v1.39.0 h1:/CyW/jTlZLjuzy52jc1XnhJm6IUKEuunpJFpecywNeI=
github.com/go-ini/ini v1.39.0/go.mod h1:ByCAeIL28uOIIG0E3PJtZPDL8WnHpFKFOtgjp+3Ies8=
github.com/go-openapi/analysis v0.0.0-20180825180245-b006789cd277/go.mod h1:k70tL6pCuVxPJOHXQ+wIac1FUrvNkHolPie/cLEU6hI=
github.com/go-openapi/analysis v0.17.0 h1:8JV+dzJJiK46XqGLqqLav8ZfEiJECp8jlOFhpiCdZ+0=
github.com/go-openapi/analysis v0.17.0/go.mod h1:IowGgpVeD0vNm45So8nr+IcQ3pxVtpRoBWb8PVZO0ik=
github.com/go-openapi/errors v0.17.0/go.mod h1:LcZQpmvG4wyF5j4IhA73wkLFQg+QJXOQHVjmcZxhka0=
github.com/go-openapi/errors v0.17.1 h1:5Fq3wlwS3oF+a3ogdmAovUBiGFa2cvL88gK++KzzkpA=
github.com/go-openapi/errors v0.17.1/go.mod h1:LcZQpmvG4wyF5j4IhA73wkLFQg+QJXOQHVjmcZxhka0=
github.com/go-openapi/inflect v0.17.1 h1:w8fYx6zSZBOUkH3wW5WU1wZfyRw9FUjiQ4b3QWF/30s=
github.com/go-openapi/inflect v0.17.1/go.mod h1:lHpZVlpIQqLyKwJ4N+YSc9hchQy/i12fJykb83CRBH4=
github.com/go-openapi/jsonpointer v0.17.0 h1:nH6xp8XdXHx8dqveo0ZuJBluCO2qGrPbDNZ0dwoRHP0=
github.com/go-openapi/jsonpointer v0.17.0/go.mod h1:cOnomiV+CVVwFLk0A/MExoFMjwdsUdVpsRhURCKh+3M=
github.com/go-openapi/jsonreference v0.17.0 h1:yJW3HCkTHg7NOA+gZ83IPHzUSnUzGXhGmsdiCcMexbA=
github.com/go-openapi/jsonreference v0.17.0/go.mod h1:g4xxGn04lDIRh0GJb5QlpE3HfopLOL6uZrK/VgnsK9I=
github.com/go-openapi/loads v0.17.0/go.mod h1:72tmFy5wsWx89uEVddd0RjRWPZm92WRLhf7AC+0+OOU=
github.com/go-openapi/loads v0.17.1 h1:yTcHtvNp8szdZ6UXm4h+c+xU4Qp30NWMYNP39cHnWmQ=
github.com/go-openapi/loads v0.17.1/go.mod h1:72tmFy5wsWx89uEVddd0RjRWPZm92WRLhf7AC+0+OOU=
github.com/go-openapi/runtime v0.0.0-20180920151709-4f900dc2ade9/go.mod h1:6v9a6LTXWQCdL8k1AO3cvqx5OtZY/Y9wKTgaoP6YRfA=
github.com/go-openapi/runtime v0.17.1 h1:STQHpGAn63Ij0sI57fEHKIvtBI3v+RBozFJuEOE1Ps4=
github.com/go-openapi/runtime v0.17.1/go.mod h1:QO936ZXeisByFmZEO1IS1Dqhtf4QV1sYYFtIq6Ld86Q=
github.com/go-openapi/spec v0.17.0 h1:XNvrt8FlSVP8T1WuhbAFF6QDhJc0zsoWzX4wXARhhpE=
github.com/go-openapi/spec v0.17.0/go.mod h1:XkF/MOi14NmjsfZ8VtAKf8pIlbZzyoTvZsdfssdxcBI=
github.com/go-openapi/strfmt v0.17.0/go.mod h1:P82hnJI0CXkErkXi8IKjPbNBM6lV6+5pLP5l494TcyU=
github.com/go-openapi/strfmt v0.17.1 h1:o/yBocNZGzjYbJYu6ApCD9SWj8WRNWtg2apipkZEtk8=
github.com/go-openapi/strfmt v0.17.1/go.mod h1:P82hnJI0CXkErkXi8IKjPbNBM6lV6+5pLP5l494TcyU=
github.com/go-openapi/swag v0.17.0/go.mod h1:AByQ+nYG6gQg71GINrmuDXCPWdL640yX49/kXLo40Tg=
github.com/go-openapi/swag v0.17.1 h1:05rL2ATPnpCFQxLDBrCQ91n/bJxkxKRfghvuk+d6fLI=
github.com/go-openapi/swag v0.17.1/go.mod h1:AByQ+nYG6gQg71GINrmuDXCPWdL640yX49/kXLo40Tg=
github.com/go-openapi/validate v0.17.0 h1:pqoViQz3YLOGIhAmD0N4Lt6pa/3Gnj3ymKqQwq8iS6U=
github.com/go-openapi/validate v0.17.0/go.mod h1:Uh4HdOzKt19xGIGm1qHf/ofbX1YQ4Y+MYsct2VUrAJ4=
github.com/go-swagger/go-swagger v0.17.1 h1:vXic4XJ4kMnmt6hfPzHhkfCHd6khpY81oyPLdUEpksQ=
github.com/go-swagger/go-swagger v0.17.1/go.mod h1:fOcXeMI1KPNv3uk4u7cR4VSyq0NyrYx4SS1/ajuTWDg=
github.com/gobwas/glob v0.2.3 h1:A4xDbljILXROh+kObIiy5kIaPYD8e96x1tgBhUI5J+Y=
github.com/gobwas/glob v0.2.3/go.mod h1:d3Ez4x06l9bZtSvzIay5+Yzi0fmZzPgnTbPcKjJAkT8=
github.com/gogo/protobuf v1.1.1 h1:72R+M5VuhED/KujmZVcIquuo8mBgX4oVda//DQb3PXo=
github.com/gogo/protobuf v1.1.1/go.mod h1:r8qH/GZQm5c6nD/R0oafs1akxWv10x8SbQlK7atdtwQ=
github.com/golang/mock v1.1.1 h1:G5FRp8JnTd7RQH5kemVNlMeyXQAztQ3mOWV95KxsXH8=
github.com/golang/mock v1.1.1/go.mod h1:oTYuIxOrZwtPieC+H1uAHpcLFnEyAGVDL/k47Jfbm0A=
github.com/golang/protobuf v1.2.0 h1:P3YflyNX/ehuJFLhxviNdFxQPkGK5cDcApsge1SqnvM=
github.com/golang/protobuf v1.2.0/go.mod h1:6lQm79b+lXiMfvg/cZm0SGofjICqVBUtrP5yJMmIC1U=
github.com/golang/snappy v0.0.0-20180518054509-2e65f85255db h1:woRePGFeVFfLKN/pOkfl+p/TAqKOfFu+7KPlMVpok/w=
github.com/golang/snappy v0.0.0-20180518054509-2e65f85255db/go.mod h1:/XxbfmMg8lxefKM7IXC3fBNl/7bRcc72aCRzEWrmP2Q=
github.com/google/uuid v1.0.0/go.mod h1:TIyPZe4MgqvfeYDBFedMoGGpEw/LqOeaOT+nhxU+yHo=
github.com/gorilla/handlers v1.4.0 h1:XulKRWSQK5uChr4pEgSE4Tc/OcmnU9GJuSwdog/tZsA=
github.com/gorilla/handlers v1.4.0/go.mod h1:Qkdc/uu4tH4g6mTK6auzZ766c4CA0Ng8+o/OAirnOIQ=
github.com/hashicorp/errwrap v1.0.0 h1:hLrqtEDnRye3+sgx6z4qVLNuviH3MR5aQ0ykNJa/UYA=
github.com/hashicorp/errwrap v1.0.0/go.mod h1:YH+1FKiLXxHSkmPseP+kNlulaMuP3n2brvKWEqk/Jc4=
github.com/hashicorp/go-cleanhttp v0.5.0 h1:wvCrVc9TjDls6+YGAF2hAifE1E5U1+b4tH6KdvN3Gig=
github.com/hashicorp/go-cleanhttp v0.5.0/go.mod h1:JpRdi6/HCYpAwUzNwuwqhbovhLtngrth3wmdIIUrZ80=
github.com/hashicorp/go-immutable-radix v1.0.0 h1:AKDB1HM5PWEA7i4nhcpwOrO2byshxBjXVn/J/3+z5/0=
github.com/hashicorp/go-immutable-radix v1.0.0/go.mod h1:0y9vanUI8NX6FsYoO3zeMjhV/C5i9g4Q3DwcSNZ4P60=
github.com/hashicorp/go-msgpack v0.0.0-20150518234257-fa3f63826f7c h1:BTAbnbegUIMB6xmQCwWE8yRzbA4XSpnZY5hvRJC188I=
github.com/hashicorp/go-msgpack v0.0.0-20150518234257-fa3f63826f7c/go.mod h1:ahLV/dePpqEmjfWmKiqvPkv/twdG7iPBM1vqhUKIvfM=
github.com/hashicorp/go-multierror v1.0.0 h1:iVjPR7a6H0tWELX5NxNe7bYopibicUzc7uPribsnS6o=
github.com/hashicorp/go-multierror v1.0.0/go.mod h1:dHtQlpGsu+cZNNAkkCN/P3hoUDHhCYQXV3UM06sGGrk=
github.com/hashicorp/go-retryablehttp v0.0.0-20180718195005-e651d75abec6 h1:qCv4319q2q7XKn0MQbi8p37hsJ+9Xo8e6yojA73JVxk=
github.com/hashicorp/go-retryablehttp v0.0.0-20180718195005-e651d75abec6/go.mod h1:fXcdFsQoipQa7mwORhKad5jmDCeSy/RCGzWA08PO0lM=
github.com/hashicorp/go-rootcerts v0.0.0-20160503143440-6bb64b370b90 h1:9HVkPxOpo+yO93Ah4yrO67d/qh0fbLLWbKqhYjyHq9A=
github.com/hashicorp/go-rootcerts v0.0.0-20160503143440-6bb64b370b90/go.mod h1:o4zcYY1e0GEZI6eSEr+43QDYmuGglw1qSO6qdHUHCgg=
github.com/hashicorp/go-sockaddr v0.0.0-20180320115054-6d291a969b86 h1:7YOlAIO2YWnJZkQp7B5eFykaIY7C9JndqAFQyVV5BhM=
github.com/hashicorp/go-sockaddr v0.0.0-20180320115054-6d291a969b86/go.mod h1:7Xibr9yA9JjQq1JpNB2Vw7kxv8xerXegt+ozgdvDeDU=
github.com/hashicorp/go-uuid v1.0.0/go.mod h1:6SBZvOh/SIDV7/2o3Jml5SYk/TvGqwFJ/bN7x4byOro=
github.com/hashicorp/golang-lru v0.5.0 h1:CL2msUPvZTLb5O648aiLNJw3hnBxN2+1Jq8rCOH9wdo=
github.com/hashicorp/golang-lru v0.5.0/go.mod h1:/m3WP610KZHVQ1SGc6re/UDhFvYD7pJ4Ao+sR/qLZy8=
github.com/hashicorp/hcl v1.0.0 h1:0Anlzjpi4vEasTeNFn2mLJgTSwt0+6sfsiTG8qcWGx4=
github.com/hashicorp/hcl v1.0.0/go.mod h1:E5yfLk+7swimpb2L/Alb/PJmXilQ/rhwaUYs4T20WEQ=
github.com/hashicorp/raft v1.0.0 h1:htBVktAOtGs4Le5Z7K8SF5H2+oWsQFYVmOgH5loro7Y=
github.com/hashicorp/raft v1.0.0/go.mod h1:DVSAWItjLjTOkVbSpWQ0j0kUADIvDaCtBxIcbNAQLkI=
github.com/hashicorp/vault v0.11.4 h1:lzU7dpyUoWojz4TZuztd7FXPlKIMU/tMax+Qepqy42o=
github.com/hashicorp/vault v0.11.4/go.mod h1:KfSyffbKxoVyspOdlaGVjIuwLobi07qD1bAbosPMpP0=
github.com/iryonetwork/encrypted-bolt v0.0.0-20181023144145-21f8bc31cc69 h1:/D4bKJYkSPsJmlOj4nOU0z3JPyG1AIMiNBRSCUS19CI=
github.com/iryonetwork/encrypted-bolt v0.0.0-20181023144145-21f8bc31cc69/go.mod h1:XKJvqYIhv13sx9Tb8IxXcDIbQEiXvGCB2ZC0A4TLh8A=
github.com/iryonetwork/wwm v0.4.4/go.mod h1:341cu1vpn+nURU9dgZcUvw+ApUnymuLyDAw66PVY5X8=
github.com/jasonlvhit/gocron v0.0.0-20180312192515-54194c9749d4 h1:pxDHjTXOh3pcCRouZv+QBWXZAzjEMX4WYH9zueqlJmo=
github.com/jasonlvhit/gocron v0.0.0-20180312192515-54194c9749d4/go.mod h1:rwi/esz/h+4oWLhbWWK7f6dtmgLzxeZhnwGr7MCsTNk=
github.com/jessevdk/go-flags v1.4.0 h1:4IU2WS7AumrZ/40jfhf4QVDMsQwqA7VEHozFRrGARJA=
github.com/jessevdk/go-flags v1.4.0/go.mod h1:4FA24M0QyGHXBuZZK/XkWh8h0e1EYbRYJSGM75WSRxI=
github.com/jinzhu/gorm v1.9.1 h1:lDSDtsCt5AGGSKTs8AHlSDbbgif4G4+CKJ8ETBDVHTA=
github.com/jinzhu/gorm v1.9.1/go.mod h1:Vla75njaFJ8clLU1W44h34PjIkijhjHIYnZxMqCdxqo=
github.com/jinzhu/inflection v0.0.0-20180308033659-04140366298a h1:eeaG9XMUvRBYXJi4pg1ZKM7nxc5AfXfojeLLW7O5J3k=
github.com/jinzhu/inflection v0.0.0-20180308033659-04140366298a/go.mod h1:h+uFLlag+Qp1Va5pdKtLDYj+kHp5pxUVkryuEj+Srlc=
github.com/kr/pretty v0.1.0 h1:L/CwN0zerZDmRFUapSPitk6f+Q3+0za1rQkzVuMiMFI=
github.com/kr/pretty v0.1.0/go.mod h1:dAy3ld7l9f0ibDNOQOHHMYYIIbhfbHSm3C4ZsoJORNo=
github.com/kr/pty v1.1.1/go.mod h1:pFQYn66WHrOpPYNljwOMqo10TkYh1fy3cYio2l3bCsQ=
github.com/kr/text v0.1.0 h1:45sCR5RtlFHMR4UwH9sdQ5TC8v0qDQCHnXt+kaKSTVE=
github.com/kr/text v0.1.0/go.mod h1:4Jbv+DJW3UT/LiOwJeYQe1efqtUx/iVham/4vfdArNI=
github.com/lib/pq v1.0.0 h1:X5PMW56eZitiTeO7tKzZxFCSpbFZJtkMMooicw2us9A=
github.com/lib/pq v1.0.0/go.mod h1:5WUZQaWbwv1U+lTReE5YruASi9Al49XbQIvNi/34Woo=
github.com/magiconair/properties v1.8.0 h1:LLgXmsheXeRoUOBOjtwPQCWIYqM/LU1ayDtDePerRcY=
github.com/magiconair/properties v1.8.0/go.mod h1:PppfXfuXeibc/6YijjN8zIbojt8czPbwD3XqdrwzmxQ=
github.com/mailru/easyjson v0.0.0-20180823135443-60711f1a8329 h1:2gxZ0XQIU/5z3Z3bUBu+FXuk2pFbkN6tcwi/pjyaDic=
github.com/mailru/easyjson v0.0.0-20180823135443-60711f1a8329/go.mod h1:C1wdFJiN94OJF2b5HbByQZoLdCWB1Yqtg26g4irojpc=
github.com/matttproud/golang_protobuf_extensions v1.0.1 h1:4hp9jkHxhMHkqkrB3Ix0jegS5sx/RkqARlsWZ6pIwiU=
github.com/matttproud/golang_protobuf_extensions v1.0.1/go.mod h1:D8He9yQNgCq6Z5Ld7szi9bcBfOoFv/3dc6xSMkL2PC0=
github.com/minio/blake2b-simd v0.0.0-20160723061019-3f5f724cb5b1 h1:lYpkrQH5ajf0OXOcUbGjvZxxijuBwbbmlSxLiuofa+g=
github.com/minio/blake2b-simd v0.0.0-20160723061019-3f5f724cb5b1/go.mod h1:pD8RvIylQ358TN4wwqatJ8rNavkEINozVn9DtGI3dfQ=
github.com/minio/minio-go v6.0.9+incompatible h1:1GBagCy3VtWteFBwjjNyajSf0JJ/iT0hYVlK8xipsds=
github.com/minio/minio-go v6.0.9+incompatible/go.mod h1:7guKYtitv8dktvNUGrhzmNlA5wrAABTQXCoesZdFQO8=
github.com/mitchellh/go-homedir v1.0.0 h1:vKb8ShqSby24Yrqr/yDYkuFz8d0WUjys40rvnGC8aR0=
github.com/mitchellh/go-homedir v1.0.0/go.mod h1:SfyaCUpYCn1Vlf4IUYiD9fPX4A5wJrkLzIz1N1q0pr0=
github.com/mitchellh/mapstructure v1.0.0/go.mod h1:FVVH3fgwuzCH5S8UJGiWEs2h04kUh9fWfEaFds41c1Y=
github.com/mitchellh/mapstructure v1.1.2 h1:fmNYVwqnSfB9mZU6OS2O6GsXM+wcskZDuKQzvN1EDeE=
github.com/mitchellh/mapstructure v1.1.2/go.mod h1:FVVH3fgwuzCH5S8UJGiWEs2h04kUh9fWfEaFds41c1Y=
github.com/mohae/deepcopy v0.0.0-20170929034955-c48cc78d4826 h1:RWengNIwukTxcDr9M+97sNutRR1RKhG96O6jWumTTnw=
github.com/mohae/deepcopy v0.0.0-20170929034955-c48cc78d4826/go.mod h1:TaXosZuwdSHYgviHp1DAtfrULt5eUgsSMsZf+YrPgl8=
github.com/nats-io/gnatsd v1.3.0 h1:+5d80klu3QaJgNbdavVBjWJP7cHd11U2CLnRTFM9ICI=
github.com/nats-io/gnatsd v1.3.0/go.mod h1:nqco77VO78hLCJpIcVfygDP2rPGfsEHkGTUk94uh5DQ=
github.com/nats-io/go-nats v1.6.0 h1:FznPwMfrVwGnSCh7JTXyJDRW0TIkD4Tr+M1LPJt9T70=
github.com/nats-io/go-nats v1.6.0/go.mod h1:+t7RHT5ApZebkrQdnn6AhQJmhJJiKAvJUio1PiiCtj0=
github.com/nats-io/go-nats-streaming v0.4.0 h1:00wOBnTKzZGvQOFRSxj18kUm4X2TvXzv8LS0skZegPc=
github.com/nats-io/go-nats-streaming v0.4.0/go.mod h1:gfq4R3c9sKAINOpelo0gn/b9QDMBZnmrttcsNF+lqyo=
github.com/nats-io/nats-streaming-server v0.11.2 h1:UCqZbfXUKs9Ejw7KiNaFZEbbiVbK7uA8jbK2TsdGbqg=
github.com/nats-io/nats-streaming-server v0.11.2/go.mod h1:RyqtDJZvMZO66YmyjIYdIvS69zu/wDAkyNWa8PIUa5c=
github.com/nats-io/nuid v1.0.0 h1:44QGdhbiANq8ZCbUkdn6W5bqtg+mHuDE4wOUuxxndFs=
github.com/nats-io/nuid v1.0.0/go.mod h1:19wcPz3Ph3q0Jbyiqsd0kePYG7A95tJPxeL+1OSON2c=
github.com/pborman/uuid v1.2.0/go.mod h1:X/NO0urCmaxf9VXbdlT7C2Yzkj2IKimNn4k+gtPdI/k=
github.com/pelletier/go-toml v1.2.0 h1:T5zMGML61Wp+FlcbWjRDT7yAxhJNAiPPLOFECq181zc=
github.com/pelletier/go-toml v1.2.0/go.mod h1:5z9KED0ma1S8pY6P1sdut58dfprrGBbd/94hg7ilaic=
github.com/pierrec/lz4 v2.0.5+incompatible h1:2xWsjqPFWcplujydGg4WmhC/6fZqK42wMM8aXeqhl0I=
github.com/pierrec/lz4 v2.0.5+incompatible/go.mod h1:pdkljMzZIN41W+lC3N2tnIh5sFi+IEE17M5jbnwPHcY=
github.com/pkg/errors v0.8.0 h1:WdK/asTD0HN+q6hsWO3/vpuAkAr+tw6aNJNDFFf0+qw=
github.com/pkg/errors v0.8.0/go.mod h1:bwawxfHBFNV+L2hUp1rHADufV3IMtnDRdf1r5NINEl0=
github.com/pmezard/go-difflib v1.0.0/go.mod h1:iKH77koFhYxTK1pcRnkKkqfTogsbg7gZNVY4sRDYZ/4=
github.com/prometheus/client_golang v0.9.0 h1:tXuTFVHC03mW0D+Ua1Q2d1EAVqLTuggX50V0VLICCzY=
github.com/prometheus/client_golang v0.9.0/go.mod h1:7SWBe2y4D6OKWSNQJUaRYU/AaXPKyh/dDVn+NZz0KFw=
github.com/prometheus/client_model v0.0.0-20180712105110-5c3871d89910 h1:idejC8f05m9MGOsuEi1ATq9shN03HrxNkD/luQvxCv8=
github.com/prometheus/client_model v0.0.0-20180712105110-5c3871d89910/go.mod h1:MbSGuTsp3dbXC40dX6PRTWyKYBIrTGTE9sqQNg2J8bo=
github.com/prometheus/common v0.0.0-20181020173914-7e9e6cabbd39 h1:Cto4X6SVMWRPBkJ/3YHn1iDGDGc/Z+sW+AEMKHMVvN4=
github.com/prometheus/common v0.0.0-20181020173914-7e9e6cabbd39/go.mod h1:daVV7qP5qjZbuso7PdcryaAu0sAZbrN9i7WWcTMWvro=
github.com/prometheus/procfs v0.0.0-20181005140218-185b4288413d h1:GoAlyOgbOEIFdaDqxJVlbOQ1DtGmZWs/Qau0hIlk+WQ=
github.com/prometheus/procfs v0.0.0-20181005140218-185b4288413d/go.mod h1:c3At6R/oaqEKCNdg8wHV1ftS6bRYblBhIjjI8uT2IGk=
github.com/rs/cors v1.6.0 h1:G9tHG9lebljV9mfp9SNPDL36nCDxmo3zTlAf1YgvzmI=
github.com/rs/cors v1.6.0/go.mod h1:gFx+x8UowdsKA9AchylcLynDq+nNFfI8FkUZdN/jGCU=
github.com/rs/zerolog v1.9.1 h1:AjV/SFRF0+gEa6rSjkh0Eji/DnkrJKVpPho6SW5g4mU=
github.com/rs/zerolog v1.9.1/go.mod h1:YbFCdg8HfsridGWAh22vktObvhZbQsZXe4/zB0OKkWU=
github.com/ryanuber/go-glob v0.0.0-20170128012129-256dc444b735 h1:7YvPJVmEeFHR1Tj9sZEYsmarJEQfMVYpd/Vyy/A8dqE=
github.com/ryanuber/go-glob v0.0.0-20170128012129-256dc444b735/go.mod h1:807d1WSdnB0XRJzKNil9Om6lcp/3a0v4qIHxIXzX/Yc=
github.com/satori/go.uuid v1.2.0 h1:0uYX9dsZ2yD7q2RtLRtPSdGDWzjeM3TbMJP9utgA0ww=
github.com/satori/go.uuid v1.2.0/go.mod h1:dA0hQrYB0VpLJoorglMZABFdXlWrHn1NEOzdhQKdks0=
github.com/spf13/afero v1.1.2 h1:m8/z1t7/fwjysjQRYbP0RD+bUIF/8tJwPdEZsI83ACI=
github.com/spf13/afero v1.1.2/go.mod h1:j4pytiNVoe2o6bmDsKpLACNPDBIoEAkihy7loJ1B0CQ=
github.com/spf13/cast v1.2.0 h1:HHl1DSRbEQN2i8tJmtS6ViPyHx35+p51amrdsiTCrkg=
github.com/spf13/cast v1.2.0/go.mod h1:r2rcYCSwa1IExKTDiTfzaxqT2FNHs8hODu4LnUfgKEg=
github.com/spf13/jwalterweatherman v1.0.0 h1:XHEdyB+EcvlqZamSM4ZOMGlc93t6AcsBEu9Gc1vn7yk=
github.com/spf13/jwalterweatherman v1.0.0/go.mod h1:cQK4TGJAtQXfYWX+Ddv3mKDzgVb68N+wFjFa4jdeBTo=
github.com/spf13/pflag v1.0.2 h1:Fy0orTDgHdbnzHcsOgfCN4LtHf0ec3wwtiwJqwvf3Gc=
github.com/spf13/pflag v1.0.2/go.mod h1:DYY7MBk1bdzusC3SYhjObp+wFpr4gzcvqqNjLnInEg4=
github.com/spf13/viper v1.2.1 h1:bIcUwXqLseLF3BDAZduuNfekWG87ibtFxi59Bq+oI9M=
github.com/spf13/viper v1.2.1/go.mod h1:P4AexN0a+C9tGAnUFNwDMYYZv3pjFuvmeiMyKRaNVlI=
github.com/stretchr/testify v1.2.2/go.mod h1:a8OnRcib4nhh0OaRAV+Yts87kKdq0PP7pXfy6kDkUVs=
github.com/toqueteos/webbrowser v1.1.0 h1:Prj1okiysRgHPoe3B1bOIVxcv+UuSt525BDQmR5W0x0=
github.com/toqueteos/webbrowser v1.1.0/go.mod h1:Hqqqmzj8AHn+VlZyVjaRWY20i25hoOZGAABCcg2el4A=
go.etcd.io/bbolt v1.3.1-etcd.8 h1:6J7QAKqfFBGnU80KRnuQxfjjeE5xAGE/qB810I3FQHQ=
go.etcd.io/bbolt v1.3.1-etcd.8/go.mod h1:IbVyRI1SCnLcuJnV2u8VeU0CEYM7e686BmAb1XKL+uU=
golang.org/x/crypto v0.0.0-20181024171144-74cb1d3d52f4 h1:4v3KN0hcTEAkyusBypx0RrpPAhKsTP3YXj10LonM8J8=
golang.org/x/crypto v0.0.0-20181024171144-74cb1d3d52f4/go.mod h1:6SG95UA2DQfeDnfUPMdvaQW0Q7yPrPDi9nlGo2tz2b4=
golang.org/x/net v0.0.0-20181005035420-146acd28ed58 h1:otZG8yDCO4LVps5+9bxOeNiCvgmOyt96J3roHTYs7oE=
golang.org/x/net v0.0.0-20181005035420-146acd28ed58/go.mod h1:mL1N/T3taQHkDXs73rZJwtUhF3w3ftmwwsq0BUmARs4=
golang.org/x/sys v0.0.0-20180906133057-8cf3aee42992/go.mod h1:STP8DvDyc/dI5b8T5hshtkjS+E42TnysNCUPdjciGhY=
golang.org/x/sys v0.0.0-20181022134430-8a28ead16f52 h1:iuRaATs1WHBt1WKav1CczVukq8i0T8geqpAMCUAnT+o=
golang.org/x/sys v0.0.0-20181022134430-8a28ead16f52/go.mod h1:STP8DvDyc/dI5b8T5hshtkjS+E42TnysNCUPdjciGhY=
golang.org/x/text v0.3.0 h1:g61tztE5qeGQ89tm6NTjjM9VPIm088od1l6aSorWRWg=
golang.org/x/text v0.3.0/go.mod h1:NqM8EUOU14njkJ3fqMW+pc6Ldnwhi/IjpwHt7yyuwOQ=
golang.org/x/time v0.0.0-20180412165947-fbb02b2291d2 h1:+DCIGbF/swA92ohVg0//6X2IVY3KZs6p9mix0ziNYJM=
golang.org/x/time v0.0.0-20180412165947-fbb02b2291d2/go.mod h1:tRJNPiyCQ0inRvYxbN9jk5I+vvW/OXSQhTDSoE431IQ=
golang.org/x/tools v0.0.0-20181024171208-a2dc47679d30 h1:iZIABIEHjQFp5zqGZgQiaXi5Ue5czJhXyylr2CTtdRY=
golang.org/x/tools v0.0.0-20181024171208-a2dc47679d30/go.mod h1:n7NCudcB/nEzxVGmLbDWY5pfWTLqBcC2KZ6jyYvM4mQ=
gopkg.in/DATA-DOG/go-sqlmock.v1 v1.3.0 h1:FVCohIoYO7IJoDDVpV2pdq7SgrMH6wHnuTyrdrxJNoY=
gopkg.in/DATA-DOG/go-sqlmock.v1 v1.3.0/go.mod h1:OdE7CF6DbADk7lN8LIKRzRJTTZXIjtWgA5THM5lhBAw=
gopkg.in/check.v1 v0.0.0-20161208181325-20d25e280405/go.mod h1:Co6ibVJAznAaIkqp8huTwlJQCZ016jof/cbN4VW5Yz0=
gopkg.in/yaml.v2 v2.2.1 h1:mUhvW9EsL+naU5Q3cakzfE91YhliOondGd6ZrsDBHQE=
gopkg.in/yaml.v2 v2.2.1/go.mod h1:hI93XBmqTisBFMUTm0b8Fm+jr3Dg1NNxqwp+5A1VGuI=
